// !$*UTF8*$!
{
	archiveVersion = 1;
	classes = {
	};
	objectVersion = 46;
	objects = {

/* Begin PBXBuildFile section */
		A96919431D0769AC00213892 /* AppDelegate.swift in Sources */ = {isa = PBXBuildFile; fileRef = A96919421D0769AC00213892 /* AppDelegate.swift */; };
		A96919451D0769AC00213892 /* ViewController.swift in Sources */ = {isa = PBXBuildFile; fileRef = A96919441D0769AC00213892 /* ViewController.swift */; };
		A96919481D0769AD00213892 /* Main.storyboard in Resources */ = {isa = PBXBuildFile; fileRef = A96919461D0769AD00213892 /* Main.storyboard */; };
		A969194A1D0769AD00213892 /* Assets.xcassets in Resources */ = {isa = PBXBuildFile; fileRef = A96919491D0769AD00213892 /* Assets.xcassets */; };
		A969194D1D0769AD00213892 /* LaunchScreen.storyboard in Resources */ = {isa = PBXBuildFile; fileRef = A969194B1D0769AD00213892 /* LaunchScreen.storyboard */; };
		A96919581D0769AD00213892 /* Juego_de_memoriaTests.swift in Sources */ = {isa = PBXBuildFile; fileRef = A96919571D0769AD00213892 /* Juego_de_memoriaTests.swift */; };
		A96919631D0769AE00213892 /* Juego_de_memoriaUITests.swift in Sources */ = {isa = PBXBuildFile; fileRef = A96919621D0769AE00213892 /* Juego_de_memoriaUITests.swift */; };
/* End PBXBuildFile section */

/* Begin PBXContainerItemProxy section */
		A96919541D0769AD00213892 /* PBXContainerItemProxy */ = {
			isa = PBXContainerItemProxy;
			containerPortal = A96919371D0769AC00213892 /* Project object */;
			proxyType = 1;
			remoteGlobalIDString = A969193E1D0769AC00213892;
			remoteInfo = "Juego de memoria";
		};
		A969195F1D0769AD00213892 /* PBXContainerItemProxy */ = {
			isa = PBXContainerItemProxy;
			containerPortal = A96919371D0769AC00213892 /* Project object */;
			proxyType = 1;
			remoteGlobalIDString = A969193E1D0769AC00213892;
			remoteInfo = "Juego de memoria";
		};
/* End PBXContainerItemProxy section */

/* Begin PBXFileReference section */
		A969193F1D0769AC00213892 /* Juego de memoria.app */ = {isa = PBXFileReference; explicitFileType = wrapper.application; includeInIndex = 0; path = "Juego de memoria.app"; sourceTree = BUILT_PRODUCTS_DIR; };
		A96919421D0769AC00213892 /* AppDelegate.swift */ = {isa = PBXFileReference; lastKnownFileType = sourcecode.swift; path = AppDelegate.swift; sourceTree = "<group>"; };
		A96919441D0769AC00213892 /* ViewController.swift */ = {isa = PBXFileReference; lastKnownFileType = sourcecode.swift; path = ViewController.swift; sourceTree = "<group>"; };
		A96919471D0769AD00213892 /* Base */ = {isa = PBXFileReference; lastKnownFileType = file.storyboard; name = Base; path = Base.lproj/Main.storyboard; sourceTree = "<group>"; };
		A96919491D0769AD00213892 /* Assets.xcassets */ = {isa = PBXFileReference; lastKnownFileType = folder.assetcatalog; path = Assets.xcassets; sourceTree = "<group>"; };
		A969194C1D0769AD00213892 /* Base */ = {isa = PBXFileReference; lastKnownFileType = file.storyboard; name = Base; path = Base.lproj/LaunchScreen.storyboard; sourceTree = "<group>"; };
		A969194E1D0769AD00213892 /* Info.plist */ = {isa = PBXFileReference; lastKnownFileType = text.plist.xml; path = Info.plist; sourceTree = "<group>"; };
		A96919531D0769AD00213892 /* Juego de memoriaTests.xctest */ = {isa = PBXFileReference; explicitFileType = wrapper.cfbundle; includeInIndex = 0; path = "Juego de memoriaTests.xctest"; sourceTree = BUILT_PRODUCTS_DIR; };
		A96919571D0769AD00213892 /* Juego_de_memoriaTests.swift */ = {isa = PBXFileReference; lastKnownFileType = sourcecode.swift; path = Juego_de_memoriaTests.swift; sourceTree = "<group>"; };
		A96919591D0769AD00213892 /* Info.plist */ = {isa = PBXFileReference; lastKnownFileType = text.plist.xml; path = Info.plist; sourceTree = "<group>"; };
		A969195E1D0769AD00213892 /* Juego de memoriaUITests.xctest */ = {isa = PBXFileReference; explicitFileType = wrapper.cfbundle; includeInIndex = 0; path = "Juego de memoriaUITests.xctest"; sourceTree = BUILT_PRODUCTS_DIR; };
		A96919621D0769AE00213892 /* Juego_de_memoriaUITests.swift */ = {isa = PBXFileReference; lastKnownFileType = sourcecode.swift; path = Juego_de_memoriaUITests.swift; sourceTree = "<group>"; };
		A96919641D0769AE00213892 /* Info.plist */ = {isa = PBXFileReference; lastKnownFileType = text.plist.xml; path = Info.plist; sourceTree = "<group>"; };
/* End PBXFileReference section */

/* Begin PBXFrameworksBuildPhase section */
		A969193C1D0769AC00213892 /* Frameworks */ = {
			isa = PBXFrameworksBuildPhase;
			buildActionMask = 2147483647;
			files = (
			);
			runOnlyForDeploymentPostprocessing = 0;
		};
		A96919501D0769AD00213892 /* Frameworks */ = {
			isa = PBXFrameworksBuildPhase;
			buildActionMask = 2147483647;
			files = (
			);
			runOnlyForDeploymentPostprocessing = 0;
		};
		A969195B1D0769AD00213892 /* Frameworks */ = {
			isa = PBXFrameworksBuildPhase;
			buildActionMask = 2147483647;
			files = (
			);
			runOnlyForDeploymentPostprocessing = 0;
		};
/* End PBXFrameworksBuildPhase section */

/* Begin PBXGroup section */
		A96919361D0769AC00213892 = {
			isa = PBXGroup;
			children = (
				A96919411D0769AC00213892 /* Juego de memoria */,
				A96919561D0769AD00213892 /* Juego de memoriaTests */,
				A96919611D0769AD00213892 /* Juego de memoriaUITests */,
				A96919401D0769AC00213892 /* Products */,
			);
			sourceTree = "<group>";
		};
		A96919401D0769AC00213892 /* Products */ = {
			isa = PBXGroup;
			children = (
				A969193F1D0769AC00213892 /* Juego de memoria.app */,
				A96919531D0769AD00213892 /* Juego de memoriaTests.xctest */,
				A969195E1D0769AD00213892 /* Juego de memoriaUITests.xctest */,
			);
			name = Products;
			sourceTree = "<group>";
		};
		A96919411D0769AC00213892 /* Juego de memoria */ = {
			isa = PBXGroup;
			children = (
				A96919421D0769AC00213892 /* AppDelegate.swift */,
				A96919441D0769AC00213892 /* ViewController.swift */,
				A96919461D0769AD00213892 /* Main.storyboard */,
				A96919491D0769AD00213892 /* Assets.xcassets */,
				A969194B1D0769AD00213892 /* LaunchScreen.storyboard */,
				A969194E1D0769AD00213892 /* Info.plist */,
			);
			path = "Juego de memoria";
			sourceTree = "<group>";
		};
		A96919561D0769AD00213892 /* Juego de memoriaTests */ = {
			isa = PBXGroup;
			children = (
				A96919571D0769AD00213892 /* Juego_de_memoriaTests.swift */,
				A96919591D0769AD00213892 /* Info.plist */,
			);
			path = "Juego de memoriaTests";
			sourceTree = "<group>";
		};
		A96919611D0769AD00213892 /* Juego de memoriaUITests */ = {
			isa = PBXGroup;
			children = (
				A96919621D0769AE00213892 /* Juego_de_memoriaUITests.swift */,
				A96919641D0769AE00213892 /* Info.plist */,
			);
			path = "Juego de memoriaUITests";
			sourceTree = "<group>";
		};
/* End PBXGroup section */

/* Begin PBXNativeTarget section */
		A969193E1D0769AC00213892 /* Juego de memoria */ = {
			isa = PBXNativeTarget;
			buildConfigurationList = A96919671D0769AE00213892 /* Build configuration list for PBXNativeTarget "Juego de memoria" */;
			buildPhases = (
				A969193B1D0769AC00213892 /* Sources */,
				A969193C1D0769AC00213892 /* Frameworks */,
				A969193D1D0769AC00213892 /* Resources */,
			);
			buildRules = (
			);
			dependencies = (
			);
			name = "Juego de memoria";
			productName = "Juego de memoria";
			productReference = A969193F1D0769AC00213892 /* Juego de memoria.app */;
			productType = "com.apple.product-type.application";
		};
		A96919521D0769AD00213892 /* Juego de memoriaTests */ = {
			isa = PBXNativeTarget;
			buildConfigurationList = A969196A1D0769AE00213892 /* Build configuration list for PBXNativeTarget "Juego de memoriaTests" */;
			buildPhases = (
				A969194F1D0769AD00213892 /* Sources */,
				A96919501D0769AD00213892 /* Frameworks */,
				A96919511D0769AD00213892 /* Resources */,
			);
			buildRules = (
			);
			dependencies = (
				A96919551D0769AD00213892 /* PBXTargetDependency */,
			);
			name = "Juego de memoriaTests";
			productName = "Juego de memoriaTests";
			productReference = A96919531D0769AD00213892 /* Juego de memoriaTests.xctest */;
			productType = "com.apple.product-type.bundle.unit-test";
		};
		A969195D1D0769AD00213892 /* Juego de memoriaUITests */ = {
			isa = PBXNativeTarget;
			buildConfigurationList = A969196D1D0769AE00213892 /* Build configuration list for PBXNativeTarget "Juego de memoriaUITests" */;
			buildPhases = (
				A969195A1D0769AD00213892 /* Sources */,
				A969195B1D0769AD00213892 /* Frameworks */,
				A969195C1D0769AD00213892 /* Resources */,
			);
			buildRules = (
			);
			dependencies = (
				A96919601D0769AD00213892 /* PBXTargetDependency */,
			);
			name = "Juego de memoriaUITests";
			productName = "Juego de memoriaUITests";
			productReference = A969195E1D0769AD00213892 /* Juego de memoriaUITests.xctest */;
			productType = "com.apple.product-type.bundle.ui-testing";
		};
/* End PBXNativeTarget section */

/* Begin PBXProject section */
		A96919371D0769AC00213892 /* Project object */ = {
			isa = PBXProject;
			attributes = {
				LastSwiftUpdateCheck = 0710;
				LastUpgradeCheck = 0710;
				ORGANIZATIONNAME = "Alejandro Torres";
				TargetAttributes = {
					A969193E1D0769AC00213892 = {
						CreatedOnToolsVersion = 7.1;
						DevelopmentTeam = FBB4WC5DRK;
					};
					A96919521D0769AD00213892 = {
						CreatedOnToolsVersion = 7.1;
						DevelopmentTeam = FBB4WC5DRK;
						TestTargetID = A969193E1D0769AC00213892;
					};
					A969195D1D0769AD00213892 = {
						CreatedOnToolsVersion = 7.1;
						DevelopmentTeam = FBB4WC5DRK;
						TestTargetID = A969193E1D0769AC00213892;
					};
				};
			};
			buildConfigurationList = A969193A1D0769AC00213892 /* Build configuration list for PBXProject "Juego de memoria" */;
			compatibilityVersion = "Xcode 3.2";
			developmentRegion = English;
			hasScannedForEncodings = 0;
			knownRegions = (
				en,
				Base,
			);
			mainGroup = A96919361D0769AC00213892;
			productRefGroup = A96919401D0769AC00213892 /* Products */;
			projectDirPath = "";
			projectRoot = "";
			targets = (
				A969193E1D0769AC00213892 /* Juego de memoria */,
				A96919521D0769AD00213892 /* Juego de memoriaTests */,
				A969195D1D0769AD00213892 /* Juego de memoriaUITests */,
			);
		};
/* End PBXProject section */

/* Begin PBXResourcesBuildPhase section */
		A969193D1D0769AC00213892 /* Resources */ = {
			isa = PBXResourcesBuildPhase;
			buildActionMask = 2147483647;
			files = (
				A969194D1D0769AD00213892 /* LaunchScreen.storyboard in Resources */,
				A969194A1D0769AD00213892 /* Assets.xcassets in Resources */,
				A96919481D0769AD00213892 /* Main.storyboard in Resources */,
			);
			runOnlyForDeploymentPostprocessing = 0;
		};
		A96919511D0769AD00213892 /* Resources */ = {
			isa = PBXResourcesBuildPhase;
			buildActionMask = 2147483647;
			files = (
			);
			runOnlyForDeploymentPostprocessing = 0;
		};
		A969195C1D0769AD00213892 /* Resources */ = {
			isa = PBXResourcesBuildPhase;
			buildActionMask = 2147483647;
			files = (
			);
			runOnlyForDeploymentPostprocessing = 0;
		};
/* End PBXResourcesBuildPhase section */

/* Begin PBXSourcesBuildPhase section */
		A969193B1D0769AC00213892 /* Sources */ = {
			isa = PBXSourcesBuildPhase;
			buildActionMask = 2147483647;
			files = (
				A96919451D0769AC00213892 /* ViewController.swift in Sources */,
				A96919431D0769AC00213892 /* AppDelegate.swift in Sources */,
			);
			runOnlyForDeploymentPostprocessing = 0;
		};
		A969194F1D0769AD00213892 /* Sources */ = {
			isa = PBXSourcesBuildPhase;
			buildActionMask = 2147483647;
			files = (
				A96919581D0769AD00213892 /* Juego_de_memoriaTests.swift in Sources */,
			);
			runOnlyForDeploymentPostprocessing = 0;
		};
		A969195A1D0769AD00213892 /* Sources */ = {
			isa = PBXSourcesBuildPhase;
			buildActionMask = 2147483647;
			files = (
				A96919631D0769AE00213892 /* Juego_de_memoriaUITests.swift in Sources */,
			);
			runOnlyForDeploymentPostprocessing = 0;
		};
/* End PBXSourcesBuildPhase section */

/* Begin PBXTargetDependency section */
		A96919551D0769AD00213892 /* PBXTargetDependency */ = {
			isa = PBXTargetDependency;
			target = A969193E1D0769AC00213892 /* Juego de memoria */;
			targetProxy = A96919541D0769AD00213892 /* PBXContainerItemProxy */;
		};
		A96919601D0769AD00213892 /* PBXTargetDependency */ = {
			isa = PBXTargetDependency;
			target = A969193E1D0769AC00213892 /* Juego de memoria */;
			targetProxy = A969195F1D0769AD00213892 /* PBXContainerItemProxy */;
		};
/* End PBXTargetDependency section */

/* Begin PBXVariantGroup section */
		A96919461D0769AD00213892 /* Main.storyboard */ = {
			isa = PBXVariantGroup;
			children = (
				A96919471D0769AD00213892 /* Base */,
			);
			name = Main.storyboard;
			sourceTree = "<group>";
		};
		A969194B1D0769AD00213892 /* LaunchScreen.storyboard */ = {
			isa = PBXVariantGroup;
			children = (
				A969194C1D0769AD00213892 /* Base */,
			);
			name = LaunchScreen.storyboard;
			sourceTree = "<group>";
		};
/* End PBXVariantGroup section */

/* Begin XCBuildConfiguration section */
		A96919651D0769AE00213892 /* Debug */ = {
			isa = XCBuildConfiguration;
			buildSettings = {
				ALWAYS_SEARCH_USER_PATHS = NO;
				CLANG_CXX_LANGUAGE_STANDARD = "gnu++0x";
				CLANG_CXX_LIBRARY = "libc++";
				CLANG_ENABLE_MODULES = YES;
				CLANG_ENABLE_OBJC_ARC = YES;
				CLANG_WARN_BOOL_CONVERSION = YES;
				CLANG_WARN_CONSTANT_CONVERSION = YES;
				CLANG_WARN_DIRECT_OBJC_ISA_USAGE = YES_ERROR;
				CLANG_WARN_EMPTY_BODY = YES;
				CLANG_WARN_ENUM_CONVERSION = YES;
				CLANG_WARN_INT_CONVERSION = YES;
				CLANG_WARN_OBJC_ROOT_CLASS = YES_ERROR;
				CLANG_WARN_UNREACHABLE_CODE = YES;
				CLANG_WARN__DUPLICATE_METHOD_MATCH = YES;
				"CODE_SIGN_IDENTITY[sdk=iphoneos*]" = "iPhone Developer";
				COPY_PHASE_STRIP = NO;
				DEBUG_INFORMATION_FORMAT = dwarf;
				ENABLE_STRICT_OBJC_MSGSEND = YES;
				ENABLE_TESTABILITY = YES;
				GCC_C_LANGUAGE_STANDARD = gnu99;
				GCC_DYNAMIC_NO_PIC = NO;
				GCC_NO_COMMON_BLOCKS = YES;
				GCC_OPTIMIZATION_LEVEL = 0;
				GCC_PREPROCESSOR_DEFINITIONS = (
					"DEBUG=1",
					"$(inherited)",
				);
				GCC_WARN_64_TO_32_BIT_CONVERSION = YES;
				GCC_WARN_ABOUT_RETURN_TYPE = YES_ERROR;
				GCC_WARN_UNDECLARED_SELECTOR = YES;
				GCC_WARN_UNINITIALIZED_AUTOS = YES_AGGRESSIVE;
				GCC_WARN_UNUSED_FUNCTION = YES;
				GCC_WARN_UNUSED_VARIABLE = YES;
				IPHONEOS_DEPLOYMENT_TARGET = 9.1;
				MTL_ENABLE_DEBUG_INFO = YES;
				ONLY_ACTIVE_ARCH = YES;
				SDKROOT = iphoneos;
				SWIFT_OPTIMIZATION_LEVEL = "-Onone";
			};
			name = Debug;
		};
		A96919661D0769AE00213892 /* Release */ = {
			isa = XCBuildConfiguration;
			buildSettings = {
				ALWAYS_SEARCH_USER_PATHS = NO;
				CLANG_CXX_LANGUAGE_STANDARD = "gnu++0x";
				CLANG_CXX_LIBRARY = "libc++";
				CLANG_ENABLE_MODULES = YES;
				CLANG_ENABLE_OBJC_ARC = YES;
				CLANG_WARN_BOOL_CONVERSION = YES;
				CLANG_WARN_CONSTANT_CONVERSION = YES;
				CLANG_WARN_DIRECT_OBJC_ISA_USAGE = YES_ERROR;
				CLANG_WARN_EMPTY_BODY = YES;
				CLANG_WARN_ENUM_CONVERSION = YES;
				CLANG_WARN_INT_CONVERSION = YES;
				CLANG_WARN_OBJC_ROOT_CLASS = YES_ERROR;
				CLANG_WARN_UNREACHABLE_CODE = YES;
				CLANG_WARN__DUPLICATE_METHOD_MATCH = YES;
				"CODE_SIGN_IDENTITY[sdk=iphoneos*]" = "iPhone Developer";
				COPY_PHASE_STRIP = NO;
				DEBUG_INFORMATION_FORMAT = "dwarf-with-dsym";
				ENABLE_NS_ASSERTIONS = NO;
				ENABLE_STRICT_OBJC_MSGSEND = YES;
				GCC_C_LANGUAGE_STANDARD = gnu99;
				GCC_NO_COMMON_BLOCKS = YES;
				GCC_WARN_64_TO_32_BIT_CONVERSION = YES;
				GCC_WARN_ABOUT_RETURN_TYPE = YES_ERROR;
				GCC_WARN_UNDECLARED_SELECTOR = YES;
				GCC_WARN_UNINITIALIZED_AUTOS = YES_AGGRESSIVE;
				GCC_WARN_UNUSED_FUNCTION = YES;
				GCC_WARN_UNUSED_VARIABLE = YES;
				IPHONEOS_DEPLOYMENT_TARGET = 9.1;
				MTL_ENABLE_DEBUG_INFO = NO;
				SDKROOT = iphoneos;
				VALIDATE_PRODUCT = YES;
			};
			name = Release;
		};
		A96919681D0769AE00213892 /* Debug */ = {
			isa = XCBuildConfiguration;
			buildSettings = {
				ASSETCATALOG_COMPILER_APPICON_NAME = AppIcon;
				INFOPLIST_FILE = "Juego de memoria/Info.plist";
				LD_RUNPATH_SEARCH_PATHS = "$(inherited) @executable_path/Frameworks";
				PRODUCT_BUNDLE_IDENTIFIER = "ITESM.Juego-de-memoria";
				PRODUCT_NAME = "$(TARGET_NAME)";
			};
			name = Debug;
		};
		A96919691D0769AE00213892 /* Release */ = {
			isa = XCBuildConfiguration;
			buildSettings = {
				ASSETCATALOG_COMPILER_APPICON_NAME = AppIcon;
				INFOPLIST_FILE = "Juego de memoria/Info.plist";
				LD_RUNPATH_SEARCH_PATHS = "$(inherited) @executable_path/Frameworks";
				PRODUCT_BUNDLE_IDENTIFIER = "ITESM.Juego-de-memoria";
				PRODUCT_NAME = "$(TARGET_NAME)";
			};
			name = Release;
		};
		A969196B1D0769AE00213892 /* Debug */ = {
			isa = XCBuildConfiguration;
			buildSettings = {
				BUNDLE_LOADER = "$(TEST_HOST)";
				INFOPLIST_FILE = "Juego de memoriaTests/Info.plist";
				LD_RUNPATH_SEARCH_PATHS = "$(inherited) @executable_path/Frameworks @loader_path/Frameworks";
				PRODUCT_BUNDLE_IDENTIFIER = "ITESM.Juego-de-memoriaTests";
				PRODUCT_NAME = "$(TARGET_NAME)";
				TEST_HOST = "$(BUILT_PRODUCTS_DIR)/Juego de memoria.app/Juego de memoria";
			};
			name = Debug;
		};
		A969196C1D0769AE00213892 /* Release */ = {
			isa = XCBuildConfiguration;
			buildSettings = {
				BUNDLE_LOADER = "$(TEST_HOST)";
				INFOPLIST_FILE = "Juego de memoriaTests/Info.plist";
				LD_RUNPATH_SEARCH_PATHS = "$(inherited) @executable_path/Frameworks @loader_path/Frameworks";
				PRODUCT_BUNDLE_IDENTIFIER = "ITESM.Juego-de-memoriaTests";
				PRODUCT_NAME = "$(TARGET_NAME)";
				TEST_HOST = "$(BUILT_PRODUCTS_DIR)/Juego de memoria.app/Juego de memoria";
			};
			name = Release;
		};
		A969196E1D0769AE00213892 /* Debug */ = {
			isa = XCBuildConfiguration;
			buildSettings = {
				INFOPLIST_FILE = "Juego de memoriaUITests/Info.plist";
				LD_RUNPATH_SEARCH_PATHS = "$(inherited) @executable_path/Frameworks @loader_path/Frameworks";
				PRODUCT_BUNDLE_IDENTIFIER = "ITESM.Juego-de-memoriaUITests";
				PRODUCT_NAME = "$(TARGET_NAME)";
				TEST_TARGET_NAME = "Juego de memoria";
				USES_XCTRUNNER = YES;
			};
			name = Debug;
		};
		A969196F1D0769AE00213892 /* Release */ = {
			isa = XCBuildConfiguration;
			buildSettings = {
				INFOPLIST_FILE = "Juego de memoriaUITests/Info.plist";
				LD_RUNPATH_SEARCH_PATHS = "$(inherited) @executable_path/Frameworks @loader_path/Frameworks";
				PRODUCT_BUNDLE_IDENTIFIER = "ITESM.Juego-de-memoriaUITests";
				PRODUCT_NAME = "$(TARGET_NAME)";
				TEST_TARGET_NAME = "Juego de memoria";
				USES_XCTRUNNER = YES;
			};
			name = Release;
		};
/* End XCBuildConfiguration section */

/* Begin XCConfigurationList section */
		A969193A1D0769AC00213892 /* Build configuration list for PBXProject "Juego de memoria" */ = {
			isa = XCConfigurationList;
			buildConfigurations = (
				A96919651D0769AE00213892 /* Debug */,
				A96919661D0769AE00213892 /* Release */,
			);
			defaultConfigurationIsVisible = 0;
			defaultConfigurationName = Release;
		};
		A96919671D0769AE00213892 /* Build configuration list for PBXNativeTarget "Juego de memoria" */ = {
			isa = XCConfigurationList;
			buildConfigurations = (
				A96919681D0769AE00213892 /* Debug */,
				A96919691D0769AE00213892 /* Release */,
			);
			defaultConfigurationIsVisible = 0;
		};
		A969196A1D0769AE00213892 /* Build configuration list for PBXNativeTarget "Juego de memoriaTests" */ = {
			isa = XCConfigurationList;
			buildConfigurations = (
				A969196B1D0769AE00213892 /* Debug */,
				A969196C1D0769AE00213892 /* Release */,
			);
			defaultConfigurationIsVisible = 0;
		};
		A969196D1D0769AE00213892 /* Build configuration list for PBXNativeTarget "Juego de memoriaUITests" */ = {
			isa = XCConfigurationList;
			buildConfigurations = (
				A969196E1D0769AE00213892 /* Debug */,
				A969196F1D0769AE00213892 /* Release */,
			);
			defaultConfigurationIsVisible = 0;
		};
/* End XCConfigurationList section */
	};
	rootObject = A96919371D0769AC00213892 /* Project object */;
}
